
Microsoft Visual Studio Solution File, Format Version 12.00
# Visual Studio Version 16
VisualStudioVersion = 16.0.30621.155
MinimumVisualStudioVersion = 10.0.40219.1
Project("{9A19103F-16F7-4668-BE54-9A1E7A4F7556}") = "GalaxyWatchGarage", "GalaxyWatchGarage\GalaxyWatchGarage.csproj", "{348710AE-8BEC-4EF2-B136-C9E32C589645}"
EndProject
Project("{9A19103F-16F7-4668-BE54-9A1E7A4F7556}") = "GalaxyWatchGarage.Tizen.Wearable", "GalaxyWatchGarage.Tizen.Wearable\GalaxyWatchGarage.Tizen.Wearable.csproj", "{85E5720C-DD45-4B24-98D0-9824E80A7A4C}"
EndProject
Project("{FAE04EC0-301F-11D3-BF4B-00C04F79EFBC}") = "ConsoleApiTest", "ConsoleApiTest\ConsoleApiTest.csproj", "{961A7B3E-4421-4388-91F2-7AF6BFA72387}"
EndProject
Global
	GlobalSection(SolutionConfigurationPlatforms) = preSolution
		Debug|Any CPU = Debug|Any CPU
		Release|Any CPU = Release|Any CPU
	EndGlobalSection
	GlobalSection(ProjectConfigurationPlatforms) = postSolution
		{348710AE-8BEC-4EF2-B136-C9E32C589645}.Debug|Any CPU.ActiveCfg = Debug|Any CPU
		{348710AE-8BEC-4EF2-B136-C9E32C589645}.Debug|Any CPU.Build.0 = Debug|Any CPU
		{348710AE-8BEC-4EF2-B136-C9E32C589645}.Release|Any CPU.ActiveCfg = Release|Any CPU
		{348710AE-8BEC-4EF2-B136-C9E32C589645}.Release|Any CPU.Build.0 = Release|Any CPU
		{85E5720C-DD45-4B24-98D0-9824E80A7A4C}.Debug|Any CPU.ActiveCfg = Debug|Any CPU
		{85E5720C-DD45-4B24-98D0-9824E80A7A4C}.Debug|Any CPU.Build.0 = Debug|Any CPU
		{85E5720C-DD45-4B24-98D0-9824E80A7A4C}.Release|Any CPU.ActiveCfg = Release|Any CPU
		{85E5720C-DD45-4B24-98D0-9824E80A7A4C}.Release|Any CPU.Build.0 = Release|Any CPU
		{961A7B3E-4421-4388-91F2-7AF6BFA72387}.Debug|Any CPU.ActiveCfg = Debug|Any CPU
		{961A7B3E-4421-4388-91F2-7AF6BFA72387}.Debug|Any CPU.Build.0 = Debug|Any CPU
		{961A7B3E-4421-4388-91F2-7AF6BFA72387}.Release|Any CPU.ActiveCfg = Release|Any CPU
		{961A7B3E-4421-4388-91F2-7AF6BFA72387}.Release|Any CPU.Build.0 = Release|Any CPU
	EndGlobalSection
	GlobalSection(SolutionProperties) = preSolution
		HideSolutionNode = FALSE
	EndGlobalSection
	GlobalSection(ExtensibilityGlobals) = postSolution
		SolutionGuid = {4511DB6B-9985-4F12-B2EB-0ED4737D145A}
	EndGlobalSection
EndGlobal
